
Microsoft Visual Studio Solution File, Format Version 12.00
# Visual Studio Version 17
VisualStudioVersion = 17.1.32328.378
MinimumVisualStudioVersion = 10.0.40219.1
Project("{2150E333-8FDC-42A3-9474-1A3956D46DE8}") = "src", "src", "{D29BF92C-A7FF-4EB8-8FB1-41315932D4CD}"
EndProject
Project("{2150E333-8FDC-42A3-9474-1A3956D46DE8}") = "Building Blocks", "Building Blocks", "{FB5B19E9-E708-4350-9341-415F9F4FA5A1}"
EndProject
Project("{2150E333-8FDC-42A3-9474-1A3956D46DE8}") = "Services", "Services", "{19729D58-F985-4EA8-B108-79EB49B79477}"
EndProject
Project("{2150E333-8FDC-42A3-9474-1A3956D46DE8}") = "Web", "Web", "{45FA4B9C-978D-4F32-9EC9-0E37963B52F9}"
EndProject
Project("{2150E333-8FDC-42A3-9474-1A3956D46DE8}") = "Identity", "Identity", "{928FA2CF-8414-47C7-BB0B-E3C164E02409}"
EndProject
Project("{2150E333-8FDC-42A3-9474-1A3956D46DE8}") = "MVC", "MVC", "{07A54F78-DEED-46FA-8DF2-691388E5D997}"
EndProject
Project("{9A19103F-16F7-4668-BE54-9A1E7A4F7556}") = "NSE.WebApp.MVC", "src\web\NSE.WebApp.MVC\NSE.WebApp.MVC.csproj", "{E4A56449-03E5-43F8-921A-C7FD1ACBDB3A}"
EndProject
Project("{2150E333-8FDC-42A3-9474-1A3956D46DE8}") = "Core", "Core", "{E0452E27-F72C-4715-B4BB-96B1904A2B12}"
EndProject
Project("{9A19103F-16F7-4668-BE54-9A1E7A4F7556}") = "NSE.Core", "src\building blocks\NSE.Core\NSE.Core.csproj", "{534CA5EA-08A1-4BC2-9A2E-703773B72DAD}"
EndProject
Project("{2150E333-8FDC-42A3-9474-1A3956D46DE8}") = "ShoppingCart", "ShoppingCart", "{407B40BF-4374-4DAC-80CE-49F631859C65}"
EndProject
Project("{2150E333-8FDC-42A3-9474-1A3956D46DE8}") = "Catalog", "Catalog", "{D1725FE8-9E40-4463-9FDA-53F75B52350B}"
EndProject
Project("{2150E333-8FDC-42A3-9474-1A3956D46DE8}") = "Customers", "Customers", "{E8812DFF-92B7-4D24-98A1-8E597C1512A2}"
EndProject
Project("{2150E333-8FDC-42A3-9474-1A3956D46DE8}") = "Billing", "Billing", "{F63EBD27-5FD0-41A1-9030-556731B08E54}"
EndProject
Project("{2150E333-8FDC-42A3-9474-1A3956D46DE8}") = "Order", "Order", "{666C9B36-2B4A-429C-A1F9-ECF146C6FE37}"
EndProject
Project("{9A19103F-16F7-4668-BE54-9A1E7A4F7556}") = "NSE.Identity.API", "src\services\NSE.Identity.API\NSE.Identity.API.csproj", "{44B3B769-137C-4B72-A266-932AA515C3A1}"
EndProject
Global
	GlobalSection(SolutionConfigurationPlatforms) = preSolution
		Debug|Any CPU = Debug|Any CPU
		Release|Any CPU = Release|Any CPU
	EndGlobalSection
	GlobalSection(ProjectConfigurationPlatforms) = postSolution
		{E4A56449-03E5-43F8-921A-C7FD1ACBDB3A}.Debug|Any CPU.ActiveCfg = Debug|Any CPU
		{E4A56449-03E5-43F8-921A-C7FD1ACBDB3A}.Debug|Any CPU.Build.0 = Debug|Any CPU
		{E4A56449-03E5-43F8-921A-C7FD1ACBDB3A}.Release|Any CPU.ActiveCfg = Release|Any CPU
		{E4A56449-03E5-43F8-921A-C7FD1ACBDB3A}.Release|Any CPU.Build.0 = Release|Any CPU
		{534CA5EA-08A1-4BC2-9A2E-703773B72DAD}.Debug|Any CPU.ActiveCfg = Debug|Any CPU
		{534CA5EA-08A1-4BC2-9A2E-703773B72DAD}.Debug|Any CPU.Build.0 = Debug|Any CPU
		{534CA5EA-08A1-4BC2-9A2E-703773B72DAD}.Release|Any CPU.ActiveCfg = Release|Any CPU
		{534CA5EA-08A1-4BC2-9A2E-703773B72DAD}.Release|Any CPU.Build.0 = Release|Any CPU
		{44B3B769-137C-4B72-A266-932AA515C3A1}.Debug|Any CPU.ActiveCfg = Debug|Any CPU
		{44B3B769-137C-4B72-A266-932AA515C3A1}.Debug|Any CPU.Build.0 = Debug|Any CPU
		{44B3B769-137C-4B72-A266-932AA515C3A1}.Release|Any CPU.ActiveCfg = Release|Any CPU
		{44B3B769-137C-4B72-A266-932AA515C3A1}.Release|Any CPU.Build.0 = Release|Any CPU
	EndGlobalSection
	GlobalSection(SolutionProperties) = preSolution
		HideSolutionNode = FALSE
	EndGlobalSection
	GlobalSection(NestedProjects) = preSolution
		{FB5B19E9-E708-4350-9341-415F9F4FA5A1} = {D29BF92C-A7FF-4EB8-8FB1-41315932D4CD}
		{19729D58-F985-4EA8-B108-79EB49B79477} = {D29BF92C-A7FF-4EB8-8FB1-41315932D4CD}
		{45FA4B9C-978D-4F32-9EC9-0E37963B52F9} = {D29BF92C-A7FF-4EB8-8FB1-41315932D4CD}
		{928FA2CF-8414-47C7-BB0B-E3C164E02409} = {19729D58-F985-4EA8-B108-79EB49B79477}
		{07A54F78-DEED-46FA-8DF2-691388E5D997} = {45FA4B9C-978D-4F32-9EC9-0E37963B52F9}
		{E4A56449-03E5-43F8-921A-C7FD1ACBDB3A} = {07A54F78-DEED-46FA-8DF2-691388E5D997}
		{E0452E27-F72C-4715-B4BB-96B1904A2B12} = {FB5B19E9-E708-4350-9341-415F9F4FA5A1}
		{534CA5EA-08A1-4BC2-9A2E-703773B72DAD} = {E0452E27-F72C-4715-B4BB-96B1904A2B12}
		{407B40BF-4374-4DAC-80CE-49F631859C65} = {19729D58-F985-4EA8-B108-79EB49B79477}
		{D1725FE8-9E40-4463-9FDA-53F75B52350B} = {19729D58-F985-4EA8-B108-79EB49B79477}
		{E8812DFF-92B7-4D24-98A1-8E597C1512A2} = {19729D58-F985-4EA8-B108-79EB49B79477}
		{F63EBD27-5FD0-41A1-9030-556731B08E54} = {19729D58-F985-4EA8-B108-79EB49B79477}
		{666C9B36-2B4A-429C-A1F9-ECF146C6FE37} = {19729D58-F985-4EA8-B108-79EB49B79477}
		{44B3B769-137C-4B72-A266-932AA515C3A1} = {928FA2CF-8414-47C7-BB0B-E3C164E02409}
	EndGlobalSection
	GlobalSection(ExtensibilityGlobals) = postSolution
		SolutionGuid = {8C7D3973-BC70-41FE-8D89-301ED39D6778}
	EndGlobalSection
EndGlobal
